
Microsoft Visual Studio Solution File, Format Version 12.00
# Visual Studio Version 17
VisualStudioVersion = 17.0.31912.275
MinimumVisualStudioVersion = 10.0.40219.1
Project("{8BC9CEB8-8B4A-11D0-8D11-00A0C91BC942}") = "Packet", "Packet\Packet.vcxproj", "{9D3A3FAD-BE0E-41A8-8E05-4C0CC790598F}"
EndProject
Project("{2150E333-8FDC-42A3-9474-1A3956D46DE8}") = "Sql", "Sql", "{16A9E387-64E1-4BB6-A2C3-B73C5B8A2ECF}"
EndProject
Project("{00D1A9C2-B5F0-4AF3-8072-F6C62B433612}") = "Auth", "SQL\Auth\Auth.sqlproj", "{2092B0CF-2544-43DC-AA53-55B409C25A0A}"
EndProject
Project("{2150E333-8FDC-42A3-9474-1A3956D46DE8}") = "OtherSolution", "OtherSolution", "{8A9430C2-7186-4E6F-8EB3-F94803487EEB}"
EndProject
Project("{FAE04EC0-301F-11D3-BF4B-00C04F79EFBC}") = "PacketCooker", "OtherSolution\PacketCooker\PacketCooker.csproj", "{AA2FE982-443F-42E3-814E-7CFA8DA5687A}"
EndProject
Project("{8BC9CEB8-8B4A-11D0-8D11-00A0C91BC942}") = "HFSM", "HFSM\HFSM.vcxproj", "{43596290-2140-44C4-A422-741F9B255925}"
EndProject
Global
	GlobalSection(SolutionConfigurationPlatforms) = preSolution
		Debug|Any CPU = Debug|Any CPU
		Debug|x64 = Debug|x64
		Debug|x86 = Debug|x86
		Release|Any CPU = Release|Any CPU
		Release|x64 = Release|x64
		Release|x86 = Release|x86
	EndGlobalSection
	GlobalSection(ProjectConfigurationPlatforms) = postSolution
		{9D3A3FAD-BE0E-41A8-8E05-4C0CC790598F}.Debug|Any CPU.ActiveCfg = Debug|x64
		{9D3A3FAD-BE0E-41A8-8E05-4C0CC790598F}.Debug|Any CPU.Build.0 = Debug|x64
		{9D3A3FAD-BE0E-41A8-8E05-4C0CC790598F}.Debug|x64.ActiveCfg = Debug|x64
		{9D3A3FAD-BE0E-41A8-8E05-4C0CC790598F}.Debug|x86.ActiveCfg = Debug|Win32
		{9D3A3FAD-BE0E-41A8-8E05-4C0CC790598F}.Debug|x86.Build.0 = Debug|Win32
		{9D3A3FAD-BE0E-41A8-8E05-4C0CC790598F}.Release|Any CPU.ActiveCfg = Release|x64
		{9D3A3FAD-BE0E-41A8-8E05-4C0CC790598F}.Release|Any CPU.Build.0 = Release|x64
		{9D3A3FAD-BE0E-41A8-8E05-4C0CC790598F}.Release|x64.ActiveCfg = Release|x64
		{9D3A3FAD-BE0E-41A8-8E05-4C0CC790598F}.Release|x64.Build.0 = Release|x64
		{9D3A3FAD-BE0E-41A8-8E05-4C0CC790598F}.Release|x86.ActiveCfg = Release|Win32
		{9D3A3FAD-BE0E-41A8-8E05-4C0CC790598F}.Release|x86.Build.0 = Release|Win32
		{2092B0CF-2544-43DC-AA53-55B409C25A0A}.Debug|Any CPU.ActiveCfg = Debug|Any CPU
		{2092B0CF-2544-43DC-AA53-55B409C25A0A}.Debug|Any CPU.Build.0 = Debug|Any CPU
		{2092B0CF-2544-43DC-AA53-55B409C25A0A}.Debug|Any CPU.Deploy.0 = Debug|Any CPU
		{2092B0CF-2544-43DC-AA53-55B409C25A0A}.Debug|x64.ActiveCfg = Debug|Any CPU
		{2092B0CF-2544-43DC-AA53-55B409C25A0A}.Debug|x64.Build.0 = Debug|Any CPU
		{2092B0CF-2544-43DC-AA53-55B409C25A0A}.Debug|x64.Deploy.0 = Debug|Any CPU
		{2092B0CF-2544-43DC-AA53-55B409C25A0A}.Debug|x86.ActiveCfg = Debug|Any CPU
		{2092B0CF-2544-43DC-AA53-55B409C25A0A}.Debug|x86.Build.0 = Debug|Any CPU
		{2092B0CF-2544-43DC-AA53-55B409C25A0A}.Debug|x86.Deploy.0 = Debug|Any CPU
		{2092B0CF-2544-43DC-AA53-55B409C25A0A}.Release|Any CPU.ActiveCfg = Release|Any CPU
		{2092B0CF-2544-43DC-AA53-55B409C25A0A}.Release|Any CPU.Build.0 = Release|Any CPU
		{2092B0CF-2544-43DC-AA53-55B409C25A0A}.Release|Any CPU.Deploy.0 = Release|Any CPU
		{2092B0CF-2544-43DC-AA53-55B409C25A0A}.Release|x64.ActiveCfg = Release|Any CPU
		{2092B0CF-2544-43DC-AA53-55B409C25A0A}.Release|x64.Build.0 = Release|Any CPU
		{2092B0CF-2544-43DC-AA53-55B409C25A0A}.Release|x64.Deploy.0 = Release|Any CPU
		{2092B0CF-2544-43DC-AA53-55B409C25A0A}.Release|x86.ActiveCfg = Release|Any CPU
		{2092B0CF-2544-43DC-AA53-55B409C25A0A}.Release|x86.Build.0 = Release|Any CPU
		{2092B0CF-2544-43DC-AA53-55B409C25A0A}.Release|x86.Deploy.0 = Release|Any CPU
		{AA2FE982-443F-42E3-814E-7CFA8DA5687A}.Debug|Any CPU.ActiveCfg = Debug|Any CPU
		{AA2FE982-443F-42E3-814E-7CFA8DA5687A}.Debug|Any CPU.Build.0 = Debug|Any CPU
		{AA2FE982-443F-42E3-814E-7CFA8DA5687A}.Debug|x64.ActiveCfg = Debug|Any CPU
		{AA2FE982-443F-42E3-814E-7CFA8DA5687A}.Debug|x64.Build.0 = Debug|Any CPU
		{AA2FE982-443F-42E3-814E-7CFA8DA5687A}.Debug|x86.ActiveCfg = Debug|Any CPU
		{AA2FE982-443F-42E3-814E-7CFA8DA5687A}.Debug|x86.Build.0 = Debug|Any CPU
		{AA2FE982-443F-42E3-814E-7CFA8DA5687A}.Release|Any CPU.ActiveCfg = Release|Any CPU
		{AA2FE982-443F-42E3-814E-7CFA8DA5687A}.Release|Any CPU.Build.0 = Release|Any CPU
		{AA2FE982-443F-42E3-814E-7CFA8DA5687A}.Release|x64.ActiveCfg = Release|Any CPU
		{AA2FE982-443F-42E3-814E-7CFA8DA5687A}.Release|x64.Build.0 = Release|Any CPU
		{AA2FE982-443F-42E3-814E-7CFA8DA5687A}.Release|x86.ActiveCfg = Release|Any CPU
		{AA2FE982-443F-42E3-814E-7CFA8DA5687A}.Release|x86.Build.0 = Release|Any CPU
		{43596290-2140-44C4-A422-741F9B255925}.Debug|Any CPU.ActiveCfg = Debug|x64
		{43596290-2140-44C4-A422-741F9B255925}.Debug|Any CPU.Build.0 = Debug|x64
		{43596290-2140-44C4-A422-741F9B255925}.Debug|x64.ActiveCfg = Debug|x64
		{43596290-2140-44C4-A422-741F9B255925}.Debug|x64.Build.0 = Debug|x64
		{43596290-2140-44C4-A422-741F9B255925}.Debug|x86.ActiveCfg = Debug|Win32
		{43596290-2140-44C4-A422-741F9B255925}.Debug|x86.Build.0 = Debug|Win32
		{43596290-2140-44C4-A422-741F9B255925}.Release|Any CPU.ActiveCfg = Release|x64
		{43596290-2140-44C4-A422-741F9B255925}.Release|Any CPU.Build.0 = Release|x64
		{43596290-2140-44C4-A422-741F9B255925}.Release|x64.ActiveCfg = Release|x64
		{43596290-2140-44C4-A422-741F9B255925}.Release|x64.Build.0 = Release|x64
		{43596290-2140-44C4-A422-741F9B255925}.Release|x86.ActiveCfg = Release|Win32
		{43596290-2140-44C4-A422-741F9B255925}.Release|x86.Build.0 = Release|Win32
	EndGlobalSection
	GlobalSection(SolutionProperties) = preSolution
		HideSolutionNode = FALSE
	EndGlobalSection
	GlobalSection(NestedProjects) = preSolution
		{2092B0CF-2544-43DC-AA53-55B409C25A0A} = {16A9E387-64E1-4BB6-A2C3-B73C5B8A2ECF}
		{AA2FE982-443F-42E3-814E-7CFA8DA5687A} = {8A9430C2-7186-4E6F-8EB3-F94803487EEB}
	EndGlobalSection
	GlobalSection(ExtensibilityGlobals) = postSolution
		SolutionGuid = {BA89D2E1-AFE4-4A4B-A192-39A307477338}
	EndGlobalSection
EndGlobal
